{
  "version": 4,
  "terraform_version": "1.15.8",
  "serial": 1,
  "lineage": "07b7920a-7cc8-b834-f196-a53964e04123",
  "outputs": {},
  "resources": [
    {
      "mode": "managed",
      "type": "local_file",
      "name": "output",
      "provider": "provider[\"registry.terraform.io/hashicorp/local\"]",
      "instances": [
        {
          "schema_version": 0,
          "attributes": {
            "content": "Hello from Terraform - DevOps TW2\n",
            "content_base64": null,
            "content_base64sha256": "epTJpu5ypABudJHsDOnpN7oIFYciEWvzQykgUYLcZ1c=",
            "content_base64sha512": "aRzOX4jNN5+fy9oNU4a+TEDDkXO92OtwjyPxnKmmB8xhV9751+2m32Q85ujJkblixgLHcinrfpGb8JoZCqWx8A==",
            "content_md5": "5e68a7e001f994edbc17b1e42c44c76c",
            "content_sha1": "95628992fcd1f12291f401043b6cb38e4239d0a9",
            "content_sha256": "7a94c9a6ee72a4006e7491ec0ce9e937ba08158722116bf34329205182dc6757",
            "content_sha512": "691cce5f88cd379f9fcbda0d5386be4c40c39173bdd8eb708f23f19ca9a607cc6157def9d7eda6df643ce6e8c991b962c602c77229eb7e919bf09a190aa5b1f0",
            "directory_permission": "0777",
            "file_permission": "0777",
            "filename": "./output.txt",
            "id": "95628992fcd1f12291f401043b6cb38e4239d0a9",
            "sensitive_content": null,
            "source": null
          },
          "sensitive_attributes": [
            [
              {
                "type": "get_attr",
                "value": "sensitive_content"
              }
            ]
          ],
          "identity_schema_version": 0
        }
      ]
    }
  ],
  "check_results": null
}
